
Microsoft Visual Studio Solution File, Format Version 12.00
# Visual Studio 2012
Project("{FAE04EC0-301F-11D3-BF4B-00C04F79EFBC}") = "Abogado", "Abogado\Abogado.csproj", "{12C8CC8E-BDA1-45FF-B860-0D9C617C2EB2}"
EndProject
Project("{FAE04EC0-301F-11D3-BF4B-00C04F79EFBC}") = "ObjetodeNegocios", "ObjetodeNegocios\ObjetodeNegocios.csproj", "{DC46F7E1-8C4D-4471-9BE2-A6FB496AE852}"
EndProject
Global
	GlobalSection(SolutionConfigurationPlatforms) = preSolution
		Debug|Any CPU = Debug|Any CPU
		Debug|x86 = Debug|x86
		Release|Any CPU = Release|Any CPU
		Release|x86 = Release|x86
	EndGlobalSection
	GlobalSection(ProjectConfigurationPlatforms) = postSolution
		{12C8CC8E-BDA1-45FF-B860-0D9C617C2EB2}.Debug|Any CPU.ActiveCfg = Debug|Any CPU
		{12C8CC8E-BDA1-45FF-B860-0D9C617C2EB2}.Debug|Any CPU.Build.0 = Debug|Any CPU
		{12C8CC8E-BDA1-45FF-B860-0D9C617C2EB2}.Debug|x86.ActiveCfg = Debug|x86
		{12C8CC8E-BDA1-45FF-B860-0D9C617C2EB2}.Debug|x86.Build.0 = Debug|x86
		{12C8CC8E-BDA1-45FF-B860-0D9C617C2EB2}.Release|Any CPU.ActiveCfg = Release|Any CPU
		{12C8CC8E-BDA1-45FF-B860-0D9C617C2EB2}.Release|Any CPU.Build.0 = Release|Any CPU
		{12C8CC8E-BDA1-45FF-B860-0D9C617C2EB2}.Release|x86.ActiveCfg = Release|x86
		{12C8CC8E-BDA1-45FF-B860-0D9C617C2EB2}.Release|x86.Build.0 = Release|x86
		{DC46F7E1-8C4D-4471-9BE2-A6FB496AE852}.Debug|Any CPU.ActiveCfg = Debug|Any CPU
		{DC46F7E1-8C4D-4471-9BE2-A6FB496AE852}.Debug|Any CPU.Build.0 = Debug|Any CPU
		{DC46F7E1-8C4D-4471-9BE2-A6FB496AE852}.Debug|x86.ActiveCfg = Debug|Any CPU
		{DC46F7E1-8C4D-4471-9BE2-A6FB496AE852}.Release|Any CPU.ActiveCfg = Release|Any CPU
		{DC46F7E1-8C4D-4471-9BE2-A6FB496AE852}.Release|Any CPU.Build.0 = Release|Any CPU
		{DC46F7E1-8C4D-4471-9BE2-A6FB496AE852}.Release|x86.ActiveCfg = Release|Any CPU
	EndGlobalSection
	GlobalSection(SolutionProperties) = preSolution
		HideSolutionNode = FALSE
	EndGlobalSection
EndGlobal
